
Microsoft Visual Studio Solution File, Format Version 12.00
# Visual Studio Version 16
VisualStudioVersion = 16.0.29709.97
MinimumVisualStudioVersion = 10.0.40219.1
Project("{FAE04EC0-301F-11D3-BF4B-00C04F79EFBC}") = "CoffeeShopApplication.UWP", "CoffeeShopApplication.UWP\CoffeeShopApplication.UWP.csproj", "{1B546DB0-4E96-48A4-9FAA-9C5F1DE0681D}"
EndProject
Project("{FAE04EC0-301F-11D3-BF4B-00C04F79EFBC}") = "CoffeeShopApplication.Android", "CoffeeShopApplication.Android\CoffeeShopApplication.Android.csproj", "{B6BD7286-9588-415A-90E3-C48F6910A6BE}"
EndProject
Project("{FAE04EC0-301F-11D3-BF4B-00C04F79EFBC}") = "CoffeeShopApplication.iOS", "CoffeeShopApplication.iOS\CoffeeShopApplication.iOS.csproj", "{04A6DCB1-88CD-40F0-91C9-FA7149F96BF4}"
EndProject
Project("{FAE04EC0-301F-11D3-BF4B-00C04F79EFBC}") = "CoffeeShopApplication", "CoffeeShopApplication\CoffeeShopApplication.csproj", "{BEFB5F0C-8D0C-4004-AA71-34BA4C0612C7}"
EndProject
Global
	GlobalSection(SolutionConfigurationPlatforms) = preSolution
		Debug|Any CPU = Debug|Any CPU
		Debug|ARM = Debug|ARM
		Debug|iPhone = Debug|iPhone
		Debug|iPhoneSimulator = Debug|iPhoneSimulator
		Debug|x64 = Debug|x64
		Debug|x86 = Debug|x86
		Release|Any CPU = Release|Any CPU
		Release|ARM = Release|ARM
		Release|iPhone = Release|iPhone
		Release|iPhoneSimulator = Release|iPhoneSimulator
		Release|x64 = Release|x64
		Release|x86 = Release|x86
	EndGlobalSection
	GlobalSection(ProjectConfigurationPlatforms) = postSolution
		{1B546DB0-4E96-48A4-9FAA-9C5F1DE0681D}.Debug|Any CPU.ActiveCfg = Debug|x86
		{1B546DB0-4E96-48A4-9FAA-9C5F1DE0681D}.Debug|Any CPU.Build.0 = Debug|x86
		{1B546DB0-4E96-48A4-9FAA-9C5F1DE0681D}.Debug|Any CPU.Deploy.0 = Debug|x86
		{1B546DB0-4E96-48A4-9FAA-9C5F1DE0681D}.Debug|ARM.ActiveCfg = Debug|ARM
		{1B546DB0-4E96-48A4-9FAA-9C5F1DE0681D}.Debug|ARM.Build.0 = Debug|ARM
		{1B546DB0-4E96-48A4-9FAA-9C5F1DE0681D}.Debug|ARM.Deploy.0 = Debug|ARM
		{1B546DB0-4E96-48A4-9FAA-9C5F1DE0681D}.Debug|iPhone.ActiveCfg = Debug|x86
		{1B546DB0-4E96-48A4-9FAA-9C5F1DE0681D}.Debug|iPhone.Build.0 = Debug|x86
		{1B546DB0-4E96-48A4-9FAA-9C5F1DE0681D}.Debug|iPhone.Deploy.0 = Debug|x86
		{1B546DB0-4E96-48A4-9FAA-9C5F1DE0681D}.Debug|iPhoneSimulator.ActiveCfg = Debug|x86
		{1B546DB0-4E96-48A4-9FAA-9C5F1DE0681D}.Debug|iPhoneSimulator.Build.0 = Debug|x86
		{1B546DB0-4E96-48A4-9FAA-9C5F1DE0681D}.Debug|iPhoneSimulator.Deploy.0 = Debug|x86
		{1B546DB0-4E96-48A4-9FAA-9C5F1DE0681D}.Debug|x64.ActiveCfg = Debug|x64
		{1B546DB0-4E96-48A4-9FAA-9C5F1DE0681D}.Debug|x64.Build.0 = Debug|x64
		{1B546DB0-4E96-48A4-9FAA-9C5F1DE0681D}.Debug|x64.Deploy.0 = Debug|x64
		{1B546DB0-4E96-48A4-9FAA-9C5F1DE0681D}.Debug|x86.ActiveCfg = Debug|x86
		{1B546DB0-4E96-48A4-9FAA-9C5F1DE0681D}.Debug|x86.Build.0 = Debug|x86
		{1B546DB0-4E96-48A4-9FAA-9C5F1DE0681D}.Debug|x86.Deploy.0 = Debug|x86
		{1B546DB0-4E96-48A4-9FAA-9C5F1DE0681D}.Release|Any CPU.ActiveCfg = Release|x86
		{1B546DB0-4E96-48A4-9FAA-9C5F1DE0681D}.Release|Any CPU.Build.0 = Release|x86
		{1B546DB0-4E96-48A4-9FAA-9C5F1DE0681D}.Release|Any CPU.Deploy.0 = Release|x86
		{1B546DB0-4E96-48A4-9FAA-9C5F1DE0681D}.Release|ARM.ActiveCfg = Release|ARM
		{1B546DB0-4E96-48A4-9FAA-9C5F1DE0681D}.Release|ARM.Build.0 = Release|ARM
		{1B546DB0-4E96-48A4-9FAA-9C5F1DE0681D}.Release|ARM.Deploy.0 = Release|ARM
		{1B546DB0-4E96-48A4-9FAA-9C5F1DE0681D}.Release|iPhone.ActiveCfg = Release|x86
		{1B546DB0-4E96-48A4-9FAA-9C5F1DE0681D}.Release|iPhone.Build.0 = Release|x86
		{1B546DB0-4E96-48A4-9FAA-9C5F1DE0681D}.Release|iPhone.Deploy.0 = Release|x86
		{1B546DB0-4E96-48A4-9FAA-9C5F1DE0681D}.Release|iPhoneSimulator.ActiveCfg = Release|x86
		{1B546DB0-4E96-48A4-9FAA-9C5F1DE0681D}.Release|iPhoneSimulator.Build.0 = Release|x86
		{1B546DB0-4E96-48A4-9FAA-9C5F1DE0681D}.Release|iPhoneSimulator.Deploy.0 = Release|x86
		{1B546DB0-4E96-48A4-9FAA-9C5F1DE0681D}.Release|x64.ActiveCfg = Release|x64
		{1B546DB0-4E96-48A4-9FAA-9C5F1DE0681D}.Release|x64.Build.0 = Release|x64
		{1B546DB0-4E96-48A4-9FAA-9C5F1DE0681D}.Release|x64.Deploy.0 = Release|x64
		{1B546DB0-4E96-48A4-9FAA-9C5F1DE0681D}.Release|x86.ActiveCfg = Release|x86
		{1B546DB0-4E96-48A4-9FAA-9C5F1DE0681D}.Release|x86.Build.0 = Release|x86
		{1B546DB0-4E96-48A4-9FAA-9C5F1DE0681D}.Release|x86.Deploy.0 = Release|x86
		{B6BD7286-9588-415A-90E3-C48F6910A6BE}.Debug|Any CPU.ActiveCfg = Debug|Any CPU
		{B6BD7286-9588-415A-90E3-C48F6910A6BE}.Debug|Any CPU.Build.0 = Debug|Any CPU
		{B6BD7286-9588-415A-90E3-C48F6910A6BE}.Debug|Any CPU.Deploy.0 = Debug|Any CPU
		{B6BD7286-9588-415A-90E3-C48F6910A6BE}.Debug|ARM.ActiveCfg = Debug|Any CPU
		{B6BD7286-9588-415A-90E3-C48F6910A6BE}.Debug|ARM.Build.0 = Debug|Any CPU
		{B6BD7286-9588-415A-90E3-C48F6910A6BE}.Debug|ARM.Deploy.0 = Debug|Any CPU
		{B6BD7286-9588-415A-90E3-C48F6910A6BE}.Debug|iPhone.ActiveCfg = Debug|Any CPU
		{B6BD7286-9588-415A-90E3-C48F6910A6BE}.Debug|iPhone.Build.0 = Debug|Any CPU
		{B6BD7286-9588-415A-90E3-C48F6910A6BE}.Debug|iPhone.Deploy.0 = Debug|Any CPU
		{B6BD7286-9588-415A-90E3-C48F6910A6BE}.Debug|iPhoneSimulator.ActiveCfg = Debug|Any CPU
		{B6BD7286-9588-415A-90E3-C48F6910A6BE}.Debug|iPhoneSimulator.Build.0 = Debug|Any CPU
		{B6BD7286-9588-415A-90E3-C48F6910A6BE}.Debug|iPhoneSimulator.Deploy.0 = Debug|Any CPU
		{B6BD7286-9588-415A-90E3-C48F6910A6BE}.Debug|x64.ActiveCfg = Debug|Any CPU
		{B6BD7286-9588-415A-90E3-C48F6910A6BE}.Debug|x64.Build.0 = Debug|Any CPU
		{B6BD7286-9588-415A-90E3-C48F6910A6BE}.Debug|x64.Deploy.0 = Debug|Any CPU
		{B6BD7286-9588-415A-90E3-C48F6910A6BE}.Debug|x86.ActiveCfg = Debug|Any CPU
		{B6BD7286-9588-415A-90E3-C48F6910A6BE}.Debug|x86.Build.0 = Debug|Any CPU
		{B6BD7286-9588-415A-90E3-C48F6910A6BE}.Debug|x86.Deploy.0 = Debug|Any CPU
		{B6BD7286-9588-415A-90E3-C48F6910A6BE}.Release|Any CPU.ActiveCfg = Release|Any CPU
		{B6BD7286-9588-415A-90E3-C48F6910A6BE}.Release|Any CPU.Build.0 = Release|Any CPU
		{B6BD7286-9588-415A-90E3-C48F6910A6BE}.Release|Any CPU.Deploy.0 = Release|Any CPU
		{B6BD7286-9588-415A-90E3-C48F6910A6BE}.Release|ARM.ActiveCfg = Release|Any CPU
		{B6BD7286-9588-415A-90E3-C48F6910A6BE}.Release|ARM.Build.0 = Release|Any CPU
		{B6BD7286-9588-415A-90E3-C48F6910A6BE}.Release|ARM.Deploy.0 = Release|Any CPU
		{B6BD7286-9588-415A-90E3-C48F6910A6BE}.Release|iPhone.ActiveCfg = Release|Any CPU
		{B6BD7286-9588-415A-90E3-C48F6910A6BE}.Release|iPhone.Build.0 = Release|Any CPU
		{B6BD7286-9588-415A-90E3-C48F6910A6BE}.Release|iPhone.Deploy.0 = Release|Any CPU
		{B6BD7286-9588-415A-90E3-C48F6910A6BE}.Release|iPhoneSimulator.ActiveCfg = Release|Any CPU
		{B6BD7286-9588-415A-90E3-C48F6910A6BE}.Release|iPhoneSimulator.Build.0 = Release|Any CPU
		{B6BD7286-9588-415A-90E3-C48F6910A6BE}.Release|iPhoneSimulator.Deploy.0 = Release|Any CPU
		{B6BD7286-9588-415A-90E3-C48F6910A6BE}.Release|x64.ActiveCfg = Release|Any CPU
		{B6BD7286-9588-415A-90E3-C48F6910A6BE}.Release|x64.Build.0 = Release|Any CPU
		{B6BD7286-9588-415A-90E3-C48F6910A6BE}.Release|x64.Deploy.0 = Release|Any CPU
		{B6BD7286-9588-415A-90E3-C48F6910A6BE}.Release|x86.ActiveCfg = Release|Any CPU
		{B6BD7286-9588-415A-90E3-C48F6910A6BE}.Release|x86.Build.0 = Release|Any CPU
		{B6BD7286-9588-415A-90E3-C48F6910A6BE}.Release|x86.Deploy.0 = Release|Any CPU
		{04A6DCB1-88CD-40F0-91C9-FA7149F96BF4}.Debug|Any CPU.ActiveCfg = Debug|iPhone
		{04A6DCB1-88CD-40F0-91C9-FA7149F96BF4}.Debug|Any CPU.Build.0 = Debug|iPhone
		{04A6DCB1-88CD-40F0-91C9-FA7149F96BF4}.Debug|Any CPU.Deploy.0 = Debug|iPhone
		{04A6DCB1-88CD-40F0-91C9-FA7149F96BF4}.Debug|ARM.ActiveCfg = Debug|iPhoneSimulator
		{04A6DCB1-88CD-40F0-91C9-FA7149F96BF4}.Debug|ARM.Build.0 = Debug|iPhoneSimulator
		{04A6DCB1-88CD-40F0-91C9-FA7149F96BF4}.Debug|ARM.Deploy.0 = Debug|iPhoneSimulator
		{04A6DCB1-88CD-40F0-91C9-FA7149F96BF4}.Debug|iPhone.ActiveCfg = Debug|iPhone
		{04A6DCB1-88CD-40F0-91C9-FA7149F96BF4}.Debug|iPhone.Build.0 = Debug|iPhone
		{04A6DCB1-88CD-40F0-91C9-FA7149F96BF4}.Debug|iPhone.Deploy.0 = Debug|iPhone
		{04A6DCB1-88CD-40F0-91C9-FA7149F96BF4}.Debug|iPhoneSimulator.ActiveCfg = Debug|iPhoneSimulator
		{04A6DCB1-88CD-40F0-91C9-FA7149F96BF4}.Debug|iPhoneSimulator.Build.0 = Debug|iPhoneSimulator
		{04A6DCB1-88CD-40F0-91C9-FA7149F96BF4}.Debug|iPhoneSimulator.Deploy.0 = Debug|iPhoneSimulator
		{04A6DCB1-88CD-40F0-91C9-FA7149F96BF4}.Debug|x64.ActiveCfg = Debug|iPhone
		{04A6DCB1-88CD-40F0-91C9-FA7149F96BF4}.Debug|x64.Build.0 = Debug|iPhone
		{04A6DCB1-88CD-40F0-91C9-FA7149F96BF4}.Debug|x64.Deploy.0 = Debug|iPhone
		{04A6DCB1-88CD-40F0-91C9-FA7149F96BF4}.Debug|x86.ActiveCfg = Debug|iPhone
		{04A6DCB1-88CD-40F0-91C9-FA7149F96BF4}.Debug|x86.Build.0 = Debug|iPhone
		{04A6DCB1-88CD-40F0-91C9-FA7149F96BF4}.Debug|x86.Deploy.0 = Debug|iPhone
		{04A6DCB1-88CD-40F0-91C9-FA7149F96BF4}.Release|Any CPU.ActiveCfg = Release|iPhone
		{04A6DCB1-88CD-40F0-91C9-FA7149F96BF4}.Release|Any CPU.Build.0 = Release|iPhone
		{04A6DCB1-88CD-40F0-91C9-FA7149F96BF4}.Release|Any CPU.Deploy.0 = Release|iPhone
		{04A6DCB1-88CD-40F0-91C9-FA7149F96BF4}.Release|ARM.ActiveCfg = Release|iPhone
		{04A6DCB1-88CD-40F0-91C9-FA7149F96BF4}.Release|ARM.Build.0 = Release|iPhone
		{04A6DCB1-88CD-40F0-91C9-FA7149F96BF4}.Release|ARM.Deploy.0 = Release|iPhone
		{04A6DCB1-88CD-40F0-91C9-FA7149F96BF4}.Release|iPhone.ActiveCfg = Release|iPhone
		{04A6DCB1-88CD-40F0-91C9-FA7149F96BF4}.Release|iPhone.Build.0 = Release|iPhone
		{04A6DCB1-88CD-40F0-91C9-FA7149F96BF4}.Release|iPhone.Deploy.0 = Release|iPhone
		{04A6DCB1-88CD-40F0-91C9-FA7149F96BF4}.Release|iPhoneSimulator.ActiveCfg = Release|iPhoneSimulator
		{04A6DCB1-88CD-40F0-91C9-FA7149F96BF4}.Release|iPhoneSimulator.Build.0 = Release|iPhoneSimulator
		{04A6DCB1-88CD-40F0-91C9-FA7149F96BF4}.Release|iPhoneSimulator.Deploy.0 = Release|iPhoneSimulator
		{04A6DCB1-88CD-40F0-91C9-FA7149F96BF4}.Release|x64.ActiveCfg = Release|iPhone
		{04A6DCB1-88CD-40F0-91C9-FA7149F96BF4}.Release|x64.Build.0 = Release|iPhone
		{04A6DCB1-88CD-40F0-91C9-FA7149F96BF4}.Release|x64.Deploy.0 = Release|iPhone
		{04A6DCB1-88CD-40F0-91C9-FA7149F96BF4}.Release|x86.ActiveCfg = Release|iPhone
		{04A6DCB1-88CD-40F0-91C9-FA7149F96BF4}.Release|x86.Build.0 = Release|iPhone
		{04A6DCB1-88CD-40F0-91C9-FA7149F96BF4}.Release|x86.Deploy.0 = Release|iPhone
		{BEFB5F0C-8D0C-4004-AA71-34BA4C0612C7}.Debug|Any CPU.ActiveCfg = Debug|Any CPU
		{BEFB5F0C-8D0C-4004-AA71-34BA4C0612C7}.Debug|Any CPU.Build.0 = Debug|Any CPU
		{BEFB5F0C-8D0C-4004-AA71-34BA4C0612C7}.Debug|Any CPU.Deploy.0 = Debug|Any CPU
		{BEFB5F0C-8D0C-4004-AA71-34BA4C0612C7}.Debug|ARM.ActiveCfg = Debug|Any CPU
		{BEFB5F0C-8D0C-4004-AA71-34BA4C0612C7}.Debug|ARM.Build.0 = Debug|Any CPU
		{BEFB5F0C-8D0C-4004-AA71-34BA4C0612C7}.Debug|ARM.Deploy.0 = Debug|Any CPU
		{BEFB5F0C-8D0C-4004-AA71-34BA4C0612C7}.Debug|iPhone.ActiveCfg = Debug|Any CPU
		{BEFB5F0C-8D0C-4004-AA71-34BA4C0612C7}.Debug|iPhone.Build.0 = Debug|Any CPU
		{BEFB5F0C-8D0C-4004-AA71-34BA4C0612C7}.Debug|iPhone.Deploy.0 = Debug|Any CPU
		{BEFB5F0C-8D0C-4004-AA71-34BA4C0612C7}.Debug|iPhoneSimulator.ActiveCfg = Debug|Any CPU
		{BEFB5F0C-8D0C-4004-AA71-34BA4C0612C7}.Debug|iPhoneSimulator.Build.0 = Debug|Any CPU
		{BEFB5F0C-8D0C-4004-AA71-34BA4C0612C7}.Debug|iPhoneSimulator.Deploy.0 = Debug|Any CPU
		{BEFB5F0C-8D0C-4004-AA71-34BA4C0612C7}.Debug|x64.ActiveCfg = Debug|Any CPU
		{BEFB5F0C-8D0C-4004-AA71-34BA4C0612C7}.Debug|x64.Build.0 = Debug|Any CPU
		{BEFB5F0C-8D0C-4004-AA71-34BA4C0612C7}.Debug|x64.Deploy.0 = Debug|Any CPU
		{BEFB5F0C-8D0C-4004-AA71-34BA4C0612C7}.Debug|x86.ActiveCfg = Debug|Any CPU
		{BEFB5F0C-8D0C-4004-AA71-34BA4C0612C7}.Debug|x86.Build.0 = Debug|Any CPU
		{BEFB5F0C-8D0C-4004-AA71-34BA4C0612C7}.Debug|x86.Deploy.0 = Debug|Any CPU
		{BEFB5F0C-8D0C-4004-AA71-34BA4C0612C7}.Release|Any CPU.ActiveCfg = Release|Any CPU
		{BEFB5F0C-8D0C-4004-AA71-34BA4C0612C7}.Release|Any CPU.Build.0 = Release|Any CPU
		{BEFB5F0C-8D0C-4004-AA71-34BA4C0612C7}.Release|Any CPU.Deploy.0 = Release|Any CPU
		{BEFB5F0C-8D0C-4004-AA71-34BA4C0612C7}.Release|ARM.ActiveCfg = Release|Any CPU
		{BEFB5F0C-8D0C-4004-AA71-34BA4C0612C7}.Release|ARM.Build.0 = Release|Any CPU
		{BEFB5F0C-8D0C-4004-AA71-34BA4C0612C7}.Release|ARM.Deploy.0 = Release|Any CPU
		{BEFB5F0C-8D0C-4004-AA71-34BA4C0612C7}.Release|iPhone.ActiveCfg = Release|Any CPU
		{BEFB5F0C-8D0C-4004-AA71-34BA4C0612C7}.Release|iPhone.Build.0 = Release|Any CPU
		{BEFB5F0C-8D0C-4004-AA71-34BA4C0612C7}.Release|iPhone.Deploy.0 = Release|Any CPU
		{BEFB5F0C-8D0C-4004-AA71-34BA4C0612C7}.Release|iPhoneSimulator.ActiveCfg = Release|Any CPU
		{BEFB5F0C-8D0C-4004-AA71-34BA4C0612C7}.Release|iPhoneSimulator.Build.0 = Release|Any CPU
		{BEFB5F0C-8D0C-4004-AA71-34BA4C0612C7}.Release|iPhoneSimulator.Deploy.0 = Release|Any CPU
		{BEFB5F0C-8D0C-4004-AA71-34BA4C0612C7}.Release|x64.ActiveCfg = Release|Any CPU
		{BEFB5F0C-8D0C-4004-AA71-34BA4C0612C7}.Release|x64.Build.0 = Release|Any CPU
		{BEFB5F0C-8D0C-4004-AA71-34BA4C0612C7}.Release|x64.Deploy.0 = Release|Any CPU
		{BEFB5F0C-8D0C-4004-AA71-34BA4C0612C7}.Release|x86.ActiveCfg = Release|Any CPU
		{BEFB5F0C-8D0C-4004-AA71-34BA4C0612C7}.Release|x86.Build.0 = Release|Any CPU
		{BEFB5F0C-8D0C-4004-AA71-34BA4C0612C7}.Release|x86.Deploy.0 = Release|Any CPU
	EndGlobalSection
	GlobalSection(SolutionProperties) = preSolution
		HideSolutionNode = FALSE
	EndGlobalSection
	GlobalSection(ExtensibilityGlobals) = postSolution
		SolutionGuid = {5FB9309A-4040-4082-9666-38F37A46B98A}
	EndGlobalSection
EndGlobal
